lockfileVersion: 5.3

specifiers:
  '@types/node': ^17.0.2
  '@vitejs/plugin-vue': ^2.0.0
  vite: ^2.7.2
  vue: ^3.2.25

dependencies:
  vue: registry.npmmirror.com/vue/3.2.26

devDependencies:
  '@types/node': registry.npmmirror.com/@types/node/17.0.2
  '@vitejs/plugin-vue': registry.npmmirror.com/@vitejs/plugin-vue/2.0.1_vite@2.7.4+vue@3.2.26
  vite: registry.npmmirror.com/vite/2.7.4

packages:

  registry.nlark.com/function-bind/1.1.1:
    resolution: {integrity: sha1-pWiZ0+o8m6uHS7l3O3xe3pL0iV0=, registry: https://registry.npm.taobao.org/, tarball: https://registry.nlark.com/function-bind/download/function-bind-1.1.1.tgz}
    name: function-bind
    version: 1.1.1
    dev: true

  registry.nlark.com/has/1.0.3:
    resolution: {integrity: sha1-ci18v8H2qoJB8W3YFOAR4fQeh5Y=, registry: https://registry.npm.taobao.org/, tarball: https://registry.nlark.com/has/download/has-1.0.3.tgz}
    name: has
    version: 1.0.3
    engines: {node: '>= 0.4.0'}
    dependencies:
      function-bind: registry.nlark.com/function-bind/1.1.1
    dev: true

  registry.nlark.com/magic-string/0.25.7:
    resolution: {integrity: sha1-P0l9b9NMZpxnmNy4IfLvMfVEUFE=, registry: https://registry.npm.taobao.org/, tarball: https://registry.nlark.com/magic-string/download/magic-string-0.25.7.tgz}
    name: magic-string
    version: 0.25.7
    dependencies:
      sourcemap-codec: registry.nlark.com/sourcemap-codec/1.4.8
    dev: false

  registry.nlark.com/path-parse/1.0.7:
    resolution: {integrity: sha1-+8EUtgykKzDZ2vWFjkvWi77bZzU=, registry: https://registry.npm.taobao.org/, tarball: https://registry.nlark.com/path-parse/download/path-parse-1.0.7.tgz}
    name: path-parse
    version: 1.0.7
    dev: true

  registry.nlark.com/resolve/1.20.0:
    resolution: {integrity: sha1-YpoBP7P3B1XW8LeTXMHCxTeLGXU=, registry: https://registry.npm.taobao.org/, tarball: https://registry.nlark.com/resolve/download/resolve-1.20.0.tgz}
    name: resolve
    version: 1.20.0
    dependencies:
      is-core-module: registry.npmmirror.com/is-core-module/2.8.0
      path-parse: registry.nlark.com/path-parse/1.0.7
    dev: true

  registry.nlark.com/source-map/0.6.1:
    resolution: {integrity: sha1-dHIq8y6WFOnCh6jQu95IteLxomM=, registry: https://registry.npm.taobao.org/, tarball: https://registry.nlark.com/source-map/download/source-map-0.6.1.tgz}
    name: source-map
    version: 0.6.1
    engines: {node: '>=0.10.0'}
    dev: false

  registry.nlark.com/sourcemap-codec/1.4.8:
    resolution: {integrity: sha1-6oBL2UhXQC5pktBaOO8a41qatMQ=, registry: https://registry.npm.taobao.org/, tarball: https://registry.nlark.com/sourcemap-codec/download/sourcemap-codec-1.4.8.tgz}
    name: sourcemap-codec
    version: 1.4.8
    dev: false

  registry.npmmirror.com/@babel/parser/7.16.6:
    resolution: {integrity: sha512-Gr86ujcNuPDnNOY8mi383Hvi8IYrJVJYuf3XcuBM/Dgd+bINn/7tHqsj+tKkoreMbmGsFLsltI/JJd8fOFWGDQ==, registry: https://registry.npm.taobao.org/, tarball: https://registry.npmmirror.com/@babel/parser/download/@babel/parser-7.16.6.tgz}
    name: '@babel/parser'
    version: 7.16.6
    engines: {node: '>=6.0.0'}
    hasBin: true
    dev: false

  registry.npmmirror.com/@types/node/17.0.2:
    resolution: {integrity: sha512-JepeIUPFDARgIs0zD/SKPgFsJEAF0X5/qO80llx59gOxFTboS9Amv3S+QfB7lqBId5sFXJ99BN0J6zFRvL9dDA==, registry: https://registry.npm.taobao.org/, tarball: https://registry.npmmirror.com/@types/node/download/@types/node-17.0.2.tgz}
    name: '@types/node'
    version: 17.0.2
    dev: true

  registry.npmmirror.com/@vitejs/plugin-vue/2.0.1_vite@2.7.4+vue@3.2.26:
    resolution: {integrity: sha512-wtdMnGVvys9K8tg+DxowU1ytTrdVveXr3LzdhaKakysgGXyrsfaeds2cDywtvujEASjWOwWL/OgWM+qoeM8Plg==, registry: https://registry.npm.taobao.org/, tarball: https://registry.npmmirror.com/@vitejs/plugin-vue/download/@vitejs/plugin-vue-2.0.1.tgz}
    id: registry.npmmirror.com/@vitejs/plugin-vue/2.0.1
    name: '@vitejs/plugin-vue'
    version: 2.0.1
    engines: {node: '>=12.0.0'}
    peerDependencies:
      vite: ^2.5.10
      vue: ^3.2.25
    dependencies:
      vite: registry.npmmirror.com/vite/2.7.4
      vue: registry.npmmirror.com/vue/3.2.26
    dev: true

  registry.npmmirror.com/@vue/compiler-core/3.2.26:
    resolution: {integrity: sha512-N5XNBobZbaASdzY9Lga2D9Lul5vdCIOXvUMd6ThcN8zgqQhPKfCV+wfAJNNJKQkSHudnYRO2gEB+lp0iN3g2Tw==, registry: https://registry.npm.taobao.org/, tarball: https://registry.npmmirror.com/@vue/compiler-core/download/@vue/compiler-core-3.2.26.tgz}
    name: '@vue/compiler-core'
    version: 3.2.26
    dependencies:
      '@babel/parser': registry.npmmirror.com/@babel/parser/7.16.6
      '@vue/shared': registry.npmmirror.com/@vue/shared/3.2.26
      estree-walker: registry.npmmirror.com/estree-walker/2.0.2
      source-map: registry.nlark.com/source-map/0.6.1
    dev: false

  registry.npmmirror.com/@vue/compiler-dom/3.2.26:
    resolution: {integrity: sha512-smBfaOW6mQDxcT3p9TKT6mE22vjxjJL50GFVJiI0chXYGU/xzC05QRGrW3HHVuJrmLTLx5zBhsZ2dIATERbarg==, registry: https://registry.npm.taobao.org/, tarball: https://registry.npmmirror.com/@vue/compiler-dom/download/@vue/compiler-dom-3.2.26.tgz}
    name: '@vue/compiler-dom'
    version: 3.2.26
    dependencies:
      '@vue/compiler-core': registry.npmmirror.com/@vue/compiler-core/3.2.26
      '@vue/shared': registry.npmmirror.com/@vue/shared/3.2.26
    dev: false

  registry.npmmirror.com/@vue/compiler-sfc/3.2.26:
    resolution: {integrity: sha512-ePpnfktV90UcLdsDQUh2JdiTuhV0Skv2iYXxfNMOK/F3Q+2BO0AulcVcfoksOpTJGmhhfosWfMyEaEf0UaWpIw==, registry: https://registry.npm.taobao.org/, tarball: https://registry.npmmirror.com/@vue/compiler-sfc/download/@vue/compiler-sfc-3.2.26.tgz}
    name: '@vue/compiler-sfc'
    version: 3.2.26
    dependencies:
      '@babel/parser': registry.npmmirror.com/@babel/parser/7.16.6
      '@vue/compiler-core': registry.npmmirror.com/@vue/compiler-core/3.2.26
      '@vue/compiler-dom': registry.npmmirror.com/@vue/compiler-dom/3.2.26
      '@vue/compiler-ssr': registry.npmmirror.com/@vue/compiler-ssr/3.2.26
      '@vue/reactivity-transform': registry.npmmirror.com/@vue/reactivity-transform/3.2.26
      '@vue/shared': registry.npmmirror.com/@vue/shared/3.2.26
      estree-walker: registry.npmmirror.com/estree-walker/2.0.2
      magic-string: registry.nlark.com/magic-string/0.25.7
      postcss: registry.npmmirror.com/postcss/8.4.5
      source-map: registry.nlark.com/source-map/0.6.1
    dev: false

  registry.npmmirror.com/@vue/compiler-ssr/3.2.26:
    resolution: {integrity: sha512-2mywLX0ODc4Zn8qBoA2PDCsLEZfpUGZcyoFRLSOjyGGK6wDy2/5kyDOWtf0S0UvtoyVq95OTSGIALjZ4k2q/ag==, registry: https://registry.npm.taobao.org/, tarball: https://registry.npmmirror.com/@vue/compiler-ssr/download/@vue/compiler-ssr-3.2.26.tgz}
    name: '@vue/compiler-ssr'
    version: 3.2.26
    dependencies:
      '@vue/compiler-dom': registry.npmmirror.com/@vue/compiler-dom/3.2.26
      '@vue/shared': registry.npmmirror.com/@vue/shared/3.2.26
    dev: false

  registry.npmmirror.com/@vue/reactivity-transform/3.2.26:
    resolution: {integrity: sha512-XKMyuCmzNA7nvFlYhdKwD78rcnmPb7q46uoR00zkX6yZrUmcCQ5OikiwUEVbvNhL5hBJuvbSO95jB5zkUon+eQ==, registry: https://registry.npm.taobao.org/, tarball: https://registry.npmmirror.com/@vue/reactivity-transform/download/@vue/reactivity-transform-3.2.26.tgz}
    name: '@vue/reactivity-transform'
    version: 3.2.26
    dependencies:
      '@babel/parser': registry.npmmirror.com/@babel/parser/7.16.6
      '@vue/compiler-core': registry.npmmirror.com/@vue/compiler-core/3.2.26
      '@vue/shared': registry.npmmirror.com/@vue/shared/3.2.26
      estree-walker: registry.npmmirror.com/estree-walker/2.0.2
      magic-string: registry.nlark.com/magic-string/0.25.7
    dev: false

  registry.npmmirror.com/@vue/reactivity/3.2.26:
    resolution: {integrity: sha512-h38bxCZLW6oFJVDlCcAiUKFnXI8xP8d+eO0pcDxx+7dQfSPje2AO6M9S9QO6MrxQB7fGP0DH0dYQ8ksf6hrXKQ==, registry: https://registry.npm.taobao.org/, tarball: https://registry.npmmirror.com/@vue/reactivity/download/@vue/reactivity-3.2.26.tgz}
    name: '@vue/reactivity'
    version: 3.2.26
    dependencies:
      '@vue/shared': registry.npmmirror.com/@vue/shared/3.2.26
    dev: false

  registry.npmmirror.com/@vue/runtime-core/3.2.26:
    resolution: {integrity: sha512-BcYi7qZ9Nn+CJDJrHQ6Zsmxei2hDW0L6AB4vPvUQGBm2fZyC0GXd/4nVbyA2ubmuhctD5RbYY8L+5GUJszv9mQ==, registry: https://registry.npm.taobao.org/, tarball: https://registry.npmmirror.com/@vue/runtime-core/download/@vue/runtime-core-3.2.26.tgz}
    name: '@vue/runtime-core'
    version: 3.2.26
    dependencies:
      '@vue/reactivity': registry.npmmirror.com/@vue/reactivity/3.2.26
      '@vue/shared': registry.npmmirror.com/@vue/shared/3.2.26
    dev: false

  registry.npmmirror.com/@vue/runtime-dom/3.2.26:
    resolution: {integrity: sha512-dY56UIiZI+gjc4e8JQBwAifljyexfVCkIAu/WX8snh8vSOt/gMSEGwPRcl2UpYpBYeyExV8WCbgvwWRNt9cHhQ==, registry: https://registry.npm.taobao.org/, tarball: https://registry.npmmirror.com/@vue/runtime-dom/download/@vue/runtime-dom-3.2.26.tgz}
    name: '@vue/runtime-dom'
    version: 3.2.26
    dependencies:
      '@vue/runtime-core': registry.npmmirror.com/@vue/runtime-core/3.2.26
      '@vue/shared': registry.npmmirror.com/@vue/shared/3.2.26
      csstype: registry.npmmirror.com/csstype/2.6.19
    dev: false

  registry.npmmirror.com/@vue/server-renderer/3.2.26_vue@3.2.26:
    resolution: {integrity: sha512-Jp5SggDUvvUYSBIvYEhy76t4nr1vapY/FIFloWmQzn7UxqaHrrBpbxrqPcTrSgGrcaglj0VBp22BKJNre4aA1w==, registry: https://registry.npm.taobao.org/, tarball: https://registry.npmmirror.com/@vue/server-renderer/download/@vue/server-renderer-3.2.26.tgz}
    id: registry.npmmirror.com/@vue/server-renderer/3.2.26
    name: '@vue/server-renderer'
    version: 3.2.26
    peerDependencies:
      vue: 3.2.26
    dependencies:
      '@vue/compiler-ssr': registry.npmmirror.com/@vue/compiler-ssr/3.2.26
      '@vue/shared': registry.npmmirror.com/@vue/shared/3.2.26
      vue: registry.npmmirror.com/vue/3.2.26
    dev: false

  registry.npmmirror.com/@vue/shared/3.2.26:
    resolution: {integrity: sha512-vPV6Cq+NIWbH5pZu+V+2QHE9y1qfuTq49uNWw4f7FDEeZaDU2H2cx5jcUZOAKW7qTrUS4k6qZPbMy1x4N96nbA==, registry: https://registry.npm.taobao.org/, tarball: https://registry.npmmirror.com/@vue/shared/download/@vue/shared-3.2.26.tgz}
    name: '@vue/shared'
    version: 3.2.26
    dev: false

  registry.npmmirror.com/csstype/2.6.19:
    resolution: {integrity: sha512-ZVxXaNy28/k3kJg0Fou5MiYpp88j7H9hLZp8PDC3jV0WFjfH5E9xHb56L0W59cPbKbcHXeP4qyT8PrHp8t6LcQ==, registry: https://registry.npm.taobao.org/, tarball: https://registry.npmmirror.com/csstype/download/csstype-2.6.19.tgz}
    name: csstype
    version: 2.6.19
    dev: false

  registry.npmmirror.com/esbuild-android-arm64/0.13.15:
    resolution: {integrity: sha512-m602nft/XXeO8YQPUDVoHfjyRVPdPgjyyXOxZ44MK/agewFFkPa8tUo6lAzSWh5Ui5PB4KR9UIFTSBKh/RrCmg==, registry: https://registry.npm.taobao.org/, tarball: https://registry.npmmirror.com/esbuild-android-arm64/download/esbuild-android-arm64-0.13.15.tgz}
    name: esbuild-android-arm64
    version: 0.13.15
    cpu: [arm64]
    os: [android]
    requiresBuild: true
    dev: true
    optional: true

  registry.npmmirror.com/esbuild-darwin-64/0.13.15:
    resolution: {integrity: sha512-ihOQRGs2yyp7t5bArCwnvn2Atr6X4axqPpEdCFPVp7iUj4cVSdisgvEKdNR7yH3JDjW6aQDw40iQFoTqejqxvQ==, registry: https://registry.npm.taobao.org/, tarball: https://registry.npmmirror.com/esbuild-darwin-64/download/esbuild-darwin-64-0.13.15.tgz}
    name: esbuild-darwin-64
    version: 0.13.15
    cpu: [x64]
    os: [darwin]
    requiresBuild: true
    dev: true
    optional: true

  registry.npmmirror.com/esbuild-darwin-arm64/0.13.15:
    resolution: {integrity: sha512-i1FZssTVxUqNlJ6cBTj5YQj4imWy3m49RZRnHhLpefFIh0To05ow9DTrXROTE1urGTQCloFUXTX8QfGJy1P8dQ==, registry: https://registry.npm.taobao.org/, tarball: https://registry.npmmirror.com/esbuild-darwin-arm64/download/esbuild-darwin-arm64-0.13.15.tgz}
    name: esbuild-darwin-arm64
    version: 0.13.15
    cpu: [arm64]
    os: [darwin]
    requiresBuild: true
    dev: true
    optional: true

  registry.npmmirror.com/esbuild-freebsd-64/0.13.15:
    resolution: {integrity: sha512-G3dLBXUI6lC6Z09/x+WtXBXbOYQZ0E8TDBqvn7aMaOCzryJs8LyVXKY4CPnHFXZAbSwkCbqiPuSQ1+HhrNk7EA==, registry: https://registry.npm.taobao.org/, tarball: https://registry.npmmirror.com/esbuild-freebsd-64/download/esbuild-freebsd-64-0.13.15.tgz}
    name: esbuild-freebsd-64
    version: 0.13.15
    cpu: [x64]
    os: [freebsd]
    requiresBuild: true
    dev: true
    optional: true

  registry.npmmirror.com/esbuild-freebsd-arm64/0.13.15:
    resolution: {integrity: sha512-KJx0fzEDf1uhNOZQStV4ujg30WlnwqUASaGSFPhznLM/bbheu9HhqZ6mJJZM32lkyfGJikw0jg7v3S0oAvtvQQ==, registry: https://registry.npm.taobao.org/, tarball: https://registry.npmmirror.com/esbuild-freebsd-arm64/download/esbuild-freebsd-arm64-0.13.15.tgz}
    name: esbuild-freebsd-arm64
    version: 0.13.15
    cpu: [arm64]
    os: [freebsd]
    requiresBuild: true
    dev: true
    optional: true

  registry.npmmirror.com/esbuild-linux-32/0.13.15:
    resolution: {integrity: sha512-ZvTBPk0YWCLMCXiFmD5EUtB30zIPvC5Itxz0mdTu/xZBbbHJftQgLWY49wEPSn2T/TxahYCRDWun5smRa0Tu+g==, registry: https://registry.npm.taobao.org/, tarball: https://registry.npmmirror.com/esbuild-linux-32/download/esbuild-linux-32-0.13.15.tgz}
    name: esbuild-linux-32
    version: 0.13.15
    cpu: [ia32]
    os: [linux]
    requiresBuild: true
    dev: true
    optional: true

  registry.npmmirror.com/esbuild-linux-64/0.13.15:
    resolution: {integrity: sha512-eCKzkNSLywNeQTRBxJRQ0jxRCl2YWdMB3+PkWFo2BBQYC5mISLIVIjThNtn6HUNqua1pnvgP5xX0nHbZbPj5oA==, registry: https://registry.npm.taobao.org/, tarball: https://registry.npmmirror.com/esbuild-linux-64/download/esbuild-linux-64-0.13.15.tgz}
    name: esbuild-linux-64
    version: 0.13.15
    cpu: [x64]
    os: [linux]
    requiresBuild: true
    dev: true
    optional: true

  registry.npmmirror.com/esbuild-linux-arm/0.13.15:
    resolution: {integrity: sha512-wUHttDi/ol0tD8ZgUMDH8Ef7IbDX+/UsWJOXaAyTdkT7Yy9ZBqPg8bgB/Dn3CZ9SBpNieozrPRHm0BGww7W/jA==, registry: https://registry.npm.taobao.org/, tarball: https://registry.npmmirror.com/esbuild-linux-arm/download/esbuild-linux-arm-0.13.15.tgz}
    name: esbuild-linux-arm
    version: 0.13.15
    cpu: [arm]
    os: [linux]
    requiresBuild: true
    dev: true
    optional: true

  registry.npmmirror.com/esbuild-linux-arm64/0.13.15:
    resolution: {integrity: sha512-bYpuUlN6qYU9slzr/ltyLTR9YTBS7qUDymO8SV7kjeNext61OdmqFAzuVZom+OLW1HPHseBfJ/JfdSlx8oTUoA==, registry: https://registry.npm.taobao.org/, tarball: https://registry.npmmirror.com/esbuild-linux-arm64/download/esbuild-linux-arm64-0.13.15.tgz}
    name: esbuild-linux-arm64
    version: 0.13.15
    cpu: [arm64]
    os: [linux]
    requiresBuild: true
    dev: true
    optional: true

  registry.npmmirror.com/esbuild-linux-mips64le/0.13.15:
    resolution: {integrity: sha512-KlVjIG828uFPyJkO/8gKwy9RbXhCEUeFsCGOJBepUlpa7G8/SeZgncUEz/tOOUJTcWMTmFMtdd3GElGyAtbSWg==, registry: https://registry.npm.taobao.org/, tarball: https://registry.npmmirror.com/esbuild-linux-mips64le/download/esbuild-linux-mips64le-0.13.15.tgz}
    name: esbuild-linux-mips64le
    version: 0.13.15
    cpu: [mips64el]
    os: [linux]
    requiresBuild: true
    dev: true
    optional: true

  registry.npmmirror.com/esbuild-linux-ppc64le/0.13.15:
    resolution: {integrity: sha512-h6gYF+OsaqEuBjeesTBtUPw0bmiDu7eAeuc2OEH9S6mV9/jPhPdhOWzdeshb0BskRZxPhxPOjqZ+/OqLcxQwEQ==, registry: https://registry.npm.taobao.org/, tarball: https://registry.npmmirror.com/esbuild-linux-ppc64le/download/esbuild-linux-ppc64le-0.13.15.tgz}
    name: esbuild-linux-ppc64le
    version: 0.13.15
    cpu: [ppc64]
    os: [linux]
    requiresBuild: true
    dev: true
    optional: true

  registry.npmmirror.com/esbuild-netbsd-64/0.13.15:
    resolution: {integrity: sha512-3+yE9emwoevLMyvu+iR3rsa+Xwhie7ZEHMGDQ6dkqP/ndFzRHkobHUKTe+NCApSqG5ce2z4rFu+NX/UHnxlh3w==, registry: https://registry.npm.taobao.org/, tarball: https://registry.npmmirror.com/esbuild-netbsd-64/download/esbuild-netbsd-64-0.13.15.tgz}
    name: esbuild-netbsd-64
    version: 0.13.15
    cpu: [x64]
    os: [netbsd]
    requiresBuild: true
    dev: true
    optional: true

  registry.npmmirror.com/esbuild-openbsd-64/0.13.15:
    resolution: {integrity: sha512-wTfvtwYJYAFL1fSs8yHIdf5GEE4NkbtbXtjLWjM3Cw8mmQKqsg8kTiqJ9NJQe5NX/5Qlo7Xd9r1yKMMkHllp5g==, registry: https://registry.npm.taobao.org/, tarball: https://registry.npmmirror.com/esbuild-openbsd-64/download/esbuild-openbsd-64-0.13.15.tgz}
    name: esbuild-openbsd-64
    version: 0.13.15
    cpu: [x64]
    os: [openbsd]
    requiresBuild: true
    dev: true
    optional: true

  registry.npmmirror.com/esbuild-sunos-64/0.13.15:
    resolution: {integrity: sha512-lbivT9Bx3t1iWWrSnGyBP9ODriEvWDRiweAs69vI+miJoeKwHWOComSRukttbuzjZ8r1q0mQJ8Z7yUsDJ3hKdw==, registry: https://registry.npm.taobao.org/, tarball: https://registry.npmmirror.com/esbuild-sunos-64/download/esbuild-sunos-64-0.13.15.tgz}
    name: esbuild-sunos-64
    version: 0.13.15
    cpu: [x64]
    os: [sunos]
    requiresBuild: true
    dev: true
    optional: true

  registry.npmmirror.com/esbuild-windows-32/0.13.15:
    resolution: {integrity: sha512-fDMEf2g3SsJ599MBr50cY5ve5lP1wyVwTe6aLJsM01KtxyKkB4UT+fc5MXQFn3RLrAIAZOG+tHC+yXObpSn7Nw==, registry: https://registry.npm.taobao.org/, tarball: https://registry.npmmirror.com/esbuild-windows-32/download/esbuild-windows-32-0.13.15.tgz}
    name: esbuild-windows-32
    version: 0.13.15
    cpu: [ia32]
    os: [win32]
    requiresBuild: true
    dev: true
    optional: true

  registry.npmmirror.com/esbuild-windows-64/0.13.15:
    resolution: {integrity: sha512-9aMsPRGDWCd3bGjUIKG/ZOJPKsiztlxl/Q3C1XDswO6eNX/Jtwu4M+jb6YDH9hRSUflQWX0XKAfWzgy5Wk54JQ==, registry: https://registry.npm.taobao.org/, tarball: https://registry.npmmirror.com/esbuild-windows-64/download/esbuild-windows-64-0.13.15.tgz}
    name: esbuild-windows-64
    version: 0.13.15
    cpu: [x64]
    os: [win32]
    requiresBuild: true
    dev: true
    optional: true

  registry.npmmirror.com/esbuild-windows-arm64/0.13.15:
    resolution: {integrity: sha512-zzvyCVVpbwQQATaf3IG8mu1IwGEiDxKkYUdA4FpoCHi1KtPa13jeScYDjlW0Qh+ebWzpKfR2ZwvqAQkSWNcKjA==, registry: https://registry.npm.taobao.org/, tarball: https://registry.npmmirror.com/esbuild-windows-arm64/download/esbuild-windows-arm64-0.13.15.tgz}
    name: esbuild-windows-arm64
    version: 0.13.15
    cpu: [arm64]
    os: [win32]
    requiresBuild: true
    dev: true
    optional: true

  registry.npmmirror.com/esbuild/0.13.15:
    resolution: {integrity: sha512-raCxt02HBKv8RJxE8vkTSCXGIyKHdEdGfUmiYb8wnabnaEmHzyW7DCHb5tEN0xU8ryqg5xw54mcwnYkC4x3AIw==, registry: https://registry.npm.taobao.org/, tarball: https://registry.npmmirror.com/esbuild/download/esbuild-0.13.15.tgz}
    name: esbuild
    version: 0.13.15
    hasBin: true
    requiresBuild: true
    optionalDependencies:
      esbuild-android-arm64: registry.npmmirror.com/esbuild-android-arm64/0.13.15
      esbuild-darwin-64: registry.npmmirror.com/esbuild-darwin-64/0.13.15
      esbuild-darwin-arm64: registry.npmmirror.com/esbuild-darwin-arm64/0.13.15
      esbuild-freebsd-64: registry.npmmirror.com/esbuild-freebsd-64/0.13.15
      esbuild-freebsd-arm64: registry.npmmirror.com/esbuild-freebsd-arm64/0.13.15
      esbuild-linux-32: registry.npmmirror.com/esbuild-linux-32/0.13.15
      esbuild-linux-64: registry.npmmirror.com/esbuild-linux-64/0.13.15
      esbuild-linux-arm: registry.npmmirror.com/esbuild-linux-arm/0.13.15
      esbuild-linux-arm64: registry.npmmirror.com/esbuild-linux-arm64/0.13.15
      esbuild-linux-mips64le: registry.npmmirror.com/esbuild-linux-mips64le/0.13.15
      esbuild-linux-ppc64le: registry.npmmirror.com/esbuild-linux-ppc64le/0.13.15
      esbuild-netbsd-64: registry.npmmirror.com/esbuild-netbsd-64/0.13.15
      esbuild-openbsd-64: registry.npmmirror.com/esbuild-openbsd-64/0.13.15
      esbuild-sunos-64: registry.npmmirror.com/esbuild-sunos-64/0.13.15
      esbuild-windows-32: registry.npmmirror.com/esbuild-windows-32/0.13.15
      esbuild-windows-64: registry.npmmirror.com/esbuild-windows-64/0.13.15
      esbuild-windows-arm64: registry.npmmirror.com/esbuild-windows-arm64/0.13.15
    dev: true

  registry.npmmirror.com/estree-walker/2.0.2:
    resolution: {integrity: sha1-UvAQF4wqTBF6d1fP6UKtt9LaTKw=, registry: https://registry.npm.taobao.org/, tarball: https://registry.npmmirror.com/estree-walker/download/estree-walker-2.0.2.tgz}
    name: estree-walker
    version: 2.0.2
    dev: false

  registry.npmmirror.com/fsevents/2.3.2:
    resolution: {integrity: sha1-ilJveLj99GI7cJ4Ll1xSwkwC/Ro=, registry: https://registry.npm.taobao.org/, tarball: https://registry.npmmirror.com/fsevents/download/fsevents-2.3.2.tgz}
    name: fsevents
    version: 2.3.2
    engines: {node: ^8.16.0 || ^10.6.0 || >=11.0.0}
    os: [darwin]
    requiresBuild: true
    dev: true
    optional: true

  registry.npmmirror.com/is-core-module/2.8.0:
    resolution: {integrity: sha1-AyEzbD0JJeSX/Zf12VyxFKXM1Ug=, registry: https://registry.npm.taobao.org/, tarball: https://registry.npmmirror.com/is-core-module/download/is-core-module-2.8.0.tgz}
    name: is-core-module
    version: 2.8.0
    dependencies:
      has: registry.nlark.com/has/1.0.3
    dev: true

  registry.npmmirror.com/nanoid/3.1.30:
    resolution: {integrity: sha512-zJpuPDwOv8D2zq2WRoMe1HsfZthVewpel9CAvTfc/2mBD1uUT/agc5f7GHGWXlYkFvi1mVxe4IjvP2HNrop7nQ==, registry: https://registry.npm.taobao.org/, tarball: https://registry.npmmirror.com/nanoid/download/nanoid-3.1.30.tgz}
    name: nanoid
    version: 3.1.30
    engines: {node: ^10 || ^12 || ^13.7 || ^14 || >=15.0.1}
    hasBin: true

  registry.npmmirror.com/picocolors/1.0.0:
    resolution: {integrity: sha1-y1vcdP8/UYkiNur3nWi8RFZKuBw=, registry: https://registry.npm.taobao.org/, tarball: https://registry.npmmirror.com/picocolors/download/picocolors-1.0.0.tgz}
    name: picocolors
    version: 1.0.0

  registry.npmmirror.com/postcss/8.4.5:
    resolution: {integrity: sha512-jBDboWM8qpaqwkMwItqTQTiFikhs/67OYVvblFFTM7MrZjt6yMKd6r2kgXizEbTTljacm4NldIlZnhbjr84QYg==, registry: https://registry.npm.taobao.org/, tarball: https://registry.npmmirror.com/postcss/download/postcss-8.4.5.tgz}
    name: postcss
    version: 8.4.5
    engines: {node: ^10 || ^12 || >=14}
    dependencies:
      nanoid: registry.npmmirror.com/nanoid/3.1.30
      picocolors: registry.npmmirror.com/picocolors/1.0.0
      source-map-js: registry.npmmirror.com/source-map-js/1.0.1

  registry.npmmirror.com/rollup/2.61.1:
    resolution: {integrity: sha512-BbTXlEvB8d+XFbK/7E5doIcRtxWPRiqr0eb5vQ0+2paMM04Ye4PZY5nHOQef2ix24l/L0SpLd5hwcH15QHPdvA==, registry: https://registry.npm.taobao.org/, tarball: https://registry.npmmirror.com/rollup/download/rollup-2.61.1.tgz}
    name: rollup
    version: 2.61.1
    engines: {node: '>=10.0.0'}
    hasBin: true
    optionalDependencies:
      fsevents: registry.npmmirror.com/fsevents/2.3.2
    dev: true

  registry.npmmirror.com/source-map-js/1.0.1:
    resolution: {integrity: sha512-4+TN2b3tqOCd/kaGRJ/sTYA0tR0mdXx26ipdolxcwtJVqEnqNYvlCAt1q3ypy4QMlYus+Zh34RNtYLoq2oQ4IA==, registry: https://registry.npm.taobao.org/, tarball: https://registry.npmmirror.com/source-map-js/download/source-map-js-1.0.1.tgz}
    name: source-map-js
    version: 1.0.1
    engines: {node: '>=0.10.0'}

  registry.npmmirror.com/vite/2.7.4:
    resolution: {integrity: sha512-f+0426k9R/roz5mRNwJlQ+6UOnhCwIypJSbfgCmsVzVJe9jTTM5iRX2GWYUean+iqPBWaU/dYLryx9AoH2pmrw==, registry: https://registry.npm.taobao.org/, tarball: https://registry.npmmirror.com/vite/download/vite-2.7.4.tgz}
    name: vite
    version: 2.7.4
    engines: {node: '>=12.2.0'}
    hasBin: true
    peerDependencies:
      less: '*'
      sass: '*'
      stylus: '*'
    peerDependenciesMeta:
      less:
        optional: true
      sass:
        optional: true
      stylus:
        optional: true
    dependencies:
      esbuild: registry.npmmirror.com/esbuild/0.13.15
      postcss: registry.npmmirror.com/postcss/8.4.5
      resolve: registry.nlark.com/resolve/1.20.0
      rollup: registry.npmmirror.com/rollup/2.61.1
    optionalDependencies:
      fsevents: registry.npmmirror.com/fsevents/2.3.2
    dev: true

  registry.npmmirror.com/vue/3.2.26:
    resolution: {integrity: sha512-KD4lULmskL5cCsEkfhERVRIOEDrfEL9CwAsLYpzptOGjaGFNWo3BQ9g8MAb7RaIO71rmVOziZ/uEN/rHwcUIhg==, registry: https://registry.npm.taobao.org/, tarball: https://registry.npmmirror.com/vue/download/vue-3.2.26.tgz}
    name: vue
    version: 3.2.26
    dependencies:
      '@vue/compiler-dom': registry.npmmirror.com/@vue/compiler-dom/3.2.26
      '@vue/compiler-sfc': registry.npmmirror.com/@vue/compiler-sfc/3.2.26
      '@vue/runtime-dom': registry.npmmirror.com/@vue/runtime-dom/3.2.26
      '@vue/server-renderer': registry.npmmirror.com/@vue/server-renderer/3.2.26_vue@3.2.26
      '@vue/shared': registry.npmmirror.com/@vue/shared/3.2.26
    dev: false
